
Microsoft Visual Studio Solution File, Format Version 12.00
# Visual Studio 14
VisualStudioVersion = 14.0.25420.1
MinimumVisualStudioVersion = 10.0.40219.1
Project("{8BC9CEB8-8B4A-11D0-8D11-00A0C91BC942}") = "euler1", "euler1\euler1.vcxproj", "{152CFB9D-519B-44DC-A8D0-19F1099FEB0D}"
EndProject
Project("{8BC9CEB8-8B4A-11D0-8D11-00A0C91BC942}") = "euler2", "euler2\euler2.vcxproj", "{7874A6C6-8A34-47F5-A59C-FB9F611F019D}"
EndProject
Project("{8BC9CEB8-8B4A-11D0-8D11-00A0C91BC942}") = "euler3", "euler3\euler3.vcxproj", "{2FE539D8-79A6-45F7-9943-4B39EE1C1FC8}"
EndProject
Project("{8BC9CEB8-8B4A-11D0-8D11-00A0C91BC942}") = "euler4", "euler4\euler4.vcxproj", "{F0AC3655-C624-48C0-92A2-280647091967}"
EndProject
Project("{8BC9CEB8-8B4A-11D0-8D11-00A0C91BC942}") = "euler5", "euler5\euler5.vcxproj", "{F792BFF5-30B0-432E-BD25-BB931B5434DF}"
EndProject
Project("{8BC9CEB8-8B4A-11D0-8D11-00A0C91BC942}") = "euler6", "euler6\euler6.vcxproj", "{DC88DB28-D32B-45AE-9180-91DAC1DCC742}"
EndProject
Project("{8BC9CEB8-8B4A-11D0-8D11-00A0C91BC942}") = "euler7", "euler7\euler7.vcxproj", "{95C92F36-092B-4AFF-AC36-CCBD5D8A85BB}"
EndProject
Project("{8BC9CEB8-8B4A-11D0-8D11-00A0C91BC942}") = "euler8", "euler8\euler8.vcxproj", "{25FD9B57-5A21-4F19-BFFA-6BA394229672}"
EndProject
Project("{8BC9CEB8-8B4A-11D0-8D11-00A0C91BC942}") = "euler9", "euler9\euler9.vcxproj", "{27662FDE-7DA2-4D5E-B918-B134F9484517}"
EndProject
Project("{8BC9CEB8-8B4A-11D0-8D11-00A0C91BC942}") = "euler10", "euler10\euler10.vcxproj", "{515A011F-5BFE-4443-B378-1EC6D5B8F51A}"
EndProject
Project("{8BC9CEB8-8B4A-11D0-8D11-00A0C91BC942}") = "euler11", "euler11\euler11.vcxproj", "{717B015F-7A60-48BE-B4E1-587B7C481679}"
EndProject
Project("{8BC9CEB8-8B4A-11D0-8D11-00A0C91BC942}") = "euler12", "euler12\euler12.vcxproj", "{2085A560-6C5B-4B4E-852C-223B5A614EF9}"
EndProject
Project("{8BC9CEB8-8B4A-11D0-8D11-00A0C91BC942}") = "euler13", "euler13\euler13.vcxproj", "{9669B690-2102-4BAE-AE73-B2F18FBB51BC}"
EndProject
Project("{8BC9CEB8-8B4A-11D0-8D11-00A0C91BC942}") = "euler14", "euler14\euler14.vcxproj", "{93C20526-5656-4B03-BC86-BED84638DB2F}"
EndProject
Project("{8BC9CEB8-8B4A-11D0-8D11-00A0C91BC942}") = "euler15", "euler15\euler15.vcxproj", "{5E949DDD-EFEE-4E99-A58C-72E70708AA99}"
EndProject
Project("{8BC9CEB8-8B4A-11D0-8D11-00A0C91BC942}") = "Nexon1", "Nexon1\Nexon1.vcxproj", "{F2B78401-BBEC-4B07-8640-E38FA3DC8080}"
EndProject
Project("{8BC9CEB8-8B4A-11D0-8D11-00A0C91BC942}") = "Nexon2", "Nexon2\Nexon2.vcxproj", "{8FCCE72B-77BE-422B-934C-7908D985DDF1}"
EndProject
Project("{8BC9CEB8-8B4A-11D0-8D11-00A0C91BC942}") = "Nexon3", "Nexon3\Nexon3.vcxproj", "{0675103A-F397-48D1-82E8-A9674DDEEFA3}"
EndProject
Global
	GlobalSection(SolutionConfigurationPlatforms) = preSolution
		Debug|x64 = Debug|x64
		Debug|x86 = Debug|x86
		Release|x64 = Release|x64
		Release|x86 = Release|x86
	EndGlobalSection
	GlobalSection(ProjectConfigurationPlatforms) = postSolution
		{152CFB9D-519B-44DC-A8D0-19F1099FEB0D}.Debug|x64.ActiveCfg = Debug|x64
		{152CFB9D-519B-44DC-A8D0-19F1099FEB0D}.Debug|x64.Build.0 = Debug|x64
		{152CFB9D-519B-44DC-A8D0-19F1099FEB0D}.Debug|x86.ActiveCfg = Debug|Win32
		{152CFB9D-519B-44DC-A8D0-19F1099FEB0D}.Debug|x86.Build.0 = Debug|Win32
		{152CFB9D-519B-44DC-A8D0-19F1099FEB0D}.Release|x64.ActiveCfg = Release|x64
		{152CFB9D-519B-44DC-A8D0-19F1099FEB0D}.Release|x64.Build.0 = Release|x64
		{152CFB9D-519B-44DC-A8D0-19F1099FEB0D}.Release|x86.ActiveCfg = Release|Win32
		{152CFB9D-519B-44DC-A8D0-19F1099FEB0D}.Release|x86.Build.0 = Release|Win32
		{7874A6C6-8A34-47F5-A59C-FB9F611F019D}.Debug|x64.ActiveCfg = Debug|x64
		{7874A6C6-8A34-47F5-A59C-FB9F611F019D}.Debug|x64.Build.0 = Debug|x64
		{7874A6C6-8A34-47F5-A59C-FB9F611F019D}.Debug|x86.ActiveCfg = Debug|Win32
		{7874A6C6-8A34-47F5-A59C-FB9F611F019D}.Debug|x86.Build.0 = Debug|Win32
		{7874A6C6-8A34-47F5-A59C-FB9F611F019D}.Release|x64.ActiveCfg = Release|x64
		{7874A6C6-8A34-47F5-A59C-FB9F611F019D}.Release|x64.Build.0 = Release|x64
		{7874A6C6-8A34-47F5-A59C-FB9F611F019D}.Release|x86.ActiveCfg = Release|Win32
		{7874A6C6-8A34-47F5-A59C-FB9F611F019D}.Release|x86.Build.0 = Release|Win32
		{2FE539D8-79A6-45F7-9943-4B39EE1C1FC8}.Debug|x64.ActiveCfg = Debug|x64
		{2FE539D8-79A6-45F7-9943-4B39EE1C1FC8}.Debug|x64.Build.0 = Debug|x64
		{2FE539D8-79A6-45F7-9943-4B39EE1C1FC8}.Debug|x86.ActiveCfg = Debug|Win32
		{2FE539D8-79A6-45F7-9943-4B39EE1C1FC8}.Debug|x86.Build.0 = Debug|Win32
		{2FE539D8-79A6-45F7-9943-4B39EE1C1FC8}.Release|x64.ActiveCfg = Release|x64
		{2FE539D8-79A6-45F7-9943-4B39EE1C1FC8}.Release|x64.Build.0 = Release|x64
		{2FE539D8-79A6-45F7-9943-4B39EE1C1FC8}.Release|x86.ActiveCfg = Release|Win32
		{2FE539D8-79A6-45F7-9943-4B39EE1C1FC8}.Release|x86.Build.0 = Release|Win32
		{F0AC3655-C624-48C0-92A2-280647091967}.Debug|x64.ActiveCfg = Debug|x64
		{F0AC3655-C624-48C0-92A2-280647091967}.Debug|x64.Build.0 = Debug|x64
		{F0AC3655-C624-48C0-92A2-280647091967}.Debug|x86.ActiveCfg = Debug|Win32
		{F0AC3655-C624-48C0-92A2-280647091967}.Debug|x86.Build.0 = Debug|Win32
		{F0AC3655-C624-48C0-92A2-280647091967}.Release|x64.ActiveCfg = Release|x64
		{F0AC3655-C624-48C0-92A2-280647091967}.Release|x64.Build.0 = Release|x64
		{F0AC3655-C624-48C0-92A2-280647091967}.Release|x86.ActiveCfg = Release|Win32
		{F0AC3655-C624-48C0-92A2-280647091967}.Release|x86.Build.0 = Release|Win32
		{F792BFF5-30B0-432E-BD25-BB931B5434DF}.Debug|x64.ActiveCfg = Debug|x64
		{F792BFF5-30B0-432E-BD25-BB931B5434DF}.Debug|x64.Build.0 = Debug|x64
		{F792BFF5-30B0-432E-BD25-BB931B5434DF}.Debug|x86.ActiveCfg = Debug|Win32
		{F792BFF5-30B0-432E-BD25-BB931B5434DF}.Debug|x86.Build.0 = Debug|Win32
		{F792BFF5-30B0-432E-BD25-BB931B5434DF}.Release|x64.ActiveCfg = Release|x64
		{F792BFF5-30B0-432E-BD25-BB931B5434DF}.Release|x64.Build.0 = Release|x64
		{F792BFF5-30B0-432E-BD25-BB931B5434DF}.Release|x86.ActiveCfg = Release|Win32
		{F792BFF5-30B0-432E-BD25-BB931B5434DF}.Release|x86.Build.0 = Release|Win32
		{DC88DB28-D32B-45AE-9180-91DAC1DCC742}.Debug|x64.ActiveCfg = Debug|x64
		{DC88DB28-D32B-45AE-9180-91DAC1DCC742}.Debug|x64.Build.0 = Debug|x64
		{DC88DB28-D32B-45AE-9180-91DAC1DCC742}.Debug|x86.ActiveCfg = Debug|Win32
		{DC88DB28-D32B-45AE-9180-91DAC1DCC742}.Debug|x86.Build.0 = Debug|Win32
		{DC88DB28-D32B-45AE-9180-91DAC1DCC742}.Release|x64.ActiveCfg = Release|x64
		{DC88DB28-D32B-45AE-9180-91DAC1DCC742}.Release|x64.Build.0 = Release|x64
		{DC88DB28-D32B-45AE-9180-91DAC1DCC742}.Release|x86.ActiveCfg = Release|Win32
		{DC88DB28-D32B-45AE-9180-91DAC1DCC742}.Release|x86.Build.0 = Release|Win32
		{95C92F36-092B-4AFF-AC36-CCBD5D8A85BB}.Debug|x64.ActiveCfg = Debug|x64
		{95C92F36-092B-4AFF-AC36-CCBD5D8A85BB}.Debug|x64.Build.0 = Debug|x64
		{95C92F36-092B-4AFF-AC36-CCBD5D8A85BB}.Debug|x86.ActiveCfg = Debug|Win32
		{95C92F36-092B-4AFF-AC36-CCBD5D8A85BB}.Debug|x86.Build.0 = Debug|Win32
		{95C92F36-092B-4AFF-AC36-CCBD5D8A85BB}.Release|x64.ActiveCfg = Release|x64
		{95C92F36-092B-4AFF-AC36-CCBD5D8A85BB}.Release|x64.Build.0 = Release|x64
		{95C92F36-092B-4AFF-AC36-CCBD5D8A85BB}.Release|x86.ActiveCfg = Release|Win32
		{95C92F36-092B-4AFF-AC36-CCBD5D8A85BB}.Release|x86.Build.0 = Release|Win32
		{25FD9B57-5A21-4F19-BFFA-6BA394229672}.Debug|x64.ActiveCfg = Debug|x64
		{25FD9B57-5A21-4F19-BFFA-6BA394229672}.Debug|x64.Build.0 = Debug|x64
		{25FD9B57-5A21-4F19-BFFA-6BA394229672}.Debug|x86.ActiveCfg = Debug|Win32
		{25FD9B57-5A21-4F19-BFFA-6BA394229672}.Debug|x86.Build.0 = Debug|Win32
		{25FD9B57-5A21-4F19-BFFA-6BA394229672}.Release|x64.ActiveCfg = Release|x64
		{25FD9B57-5A21-4F19-BFFA-6BA394229672}.Release|x64.Build.0 = Release|x64
		{25FD9B57-5A21-4F19-BFFA-6BA394229672}.Release|x86.ActiveCfg = Release|Win32
		{25FD9B57-5A21-4F19-BFFA-6BA394229672}.Release|x86.Build.0 = Release|Win32
		{27662FDE-7DA2-4D5E-B918-B134F9484517}.Debug|x64.ActiveCfg = Debug|x64
		{27662FDE-7DA2-4D5E-B918-B134F9484517}.Debug|x64.Build.0 = Debug|x64
		{27662FDE-7DA2-4D5E-B918-B134F9484517}.Debug|x86.ActiveCfg = Debug|Win32
		{27662FDE-7DA2-4D5E-B918-B134F9484517}.Debug|x86.Build.0 = Debug|Win32
		{27662FDE-7DA2-4D5E-B918-B134F9484517}.Release|x64.ActiveCfg = Release|x64
		{27662FDE-7DA2-4D5E-B918-B134F9484517}.Release|x64.Build.0 = Release|x64
		{27662FDE-7DA2-4D5E-B918-B134F9484517}.Release|x86.ActiveCfg = Release|Win32
		{27662FDE-7DA2-4D5E-B918-B134F9484517}.Release|x86.Build.0 = Release|Win32
		{515A011F-5BFE-4443-B378-1EC6D5B8F51A}.Debug|x64.ActiveCfg = Debug|x64
		{515A011F-5BFE-4443-B378-1EC6D5B8F51A}.Debug|x64.Build.0 = Debug|x64
		{515A011F-5BFE-4443-B378-1EC6D5B8F51A}.Debug|x86.ActiveCfg = Debug|Win32
		{515A011F-5BFE-4443-B378-1EC6D5B8F51A}.Debug|x86.Build.0 = Debug|Win32
		{515A011F-5BFE-4443-B378-1EC6D5B8F51A}.Release|x64.ActiveCfg = Release|x64
		{515A011F-5BFE-4443-B378-1EC6D5B8F51A}.Release|x64.Build.0 = Release|x64
		{515A011F-5BFE-4443-B378-1EC6D5B8F51A}.Release|x86.ActiveCfg = Release|Win32
		{515A011F-5BFE-4443-B378-1EC6D5B8F51A}.Release|x86.Build.0 = Release|Win32
		{717B015F-7A60-48BE-B4E1-587B7C481679}.Debug|x64.ActiveCfg = Debug|x64
		{717B015F-7A60-48BE-B4E1-587B7C481679}.Debug|x64.Build.0 = Debug|x64
		{717B015F-7A60-48BE-B4E1-587B7C481679}.Debug|x86.ActiveCfg = Debug|Win32
		{717B015F-7A60-48BE-B4E1-587B7C481679}.Debug|x86.Build.0 = Debug|Win32
		{717B015F-7A60-48BE-B4E1-587B7C481679}.Release|x64.ActiveCfg = Release|x64
		{717B015F-7A60-48BE-B4E1-587B7C481679}.Release|x64.Build.0 = Release|x64
		{717B015F-7A60-48BE-B4E1-587B7C481679}.Release|x86.ActiveCfg = Release|Win32
		{717B015F-7A60-48BE-B4E1-587B7C481679}.Release|x86.Build.0 = Release|Win32
		{2085A560-6C5B-4B4E-852C-223B5A614EF9}.Debug|x64.ActiveCfg = Debug|x64
		{2085A560-6C5B-4B4E-852C-223B5A614EF9}.Debug|x64.Build.0 = Debug|x64
		{2085A560-6C5B-4B4E-852C-223B5A614EF9}.Debug|x86.ActiveCfg = Debug|Win32
		{2085A560-6C5B-4B4E-852C-223B5A614EF9}.Debug|x86.Build.0 = Debug|Win32
		{2085A560-6C5B-4B4E-852C-223B5A614EF9}.Release|x64.ActiveCfg = Release|x64
		{2085A560-6C5B-4B4E-852C-223B5A614EF9}.Release|x64.Build.0 = Release|x64
		{2085A560-6C5B-4B4E-852C-223B5A614EF9}.Release|x86.ActiveCfg = Release|Win32
		{2085A560-6C5B-4B4E-852C-223B5A614EF9}.Release|x86.Build.0 = Release|Win32
		{9669B690-2102-4BAE-AE73-B2F18FBB51BC}.Debug|x64.ActiveCfg = Debug|x64
		{9669B690-2102-4BAE-AE73-B2F18FBB51BC}.Debug|x64.Build.0 = Debug|x64
		{9669B690-2102-4BAE-AE73-B2F18FBB51BC}.Debug|x86.ActiveCfg = Debug|Win32
		{9669B690-2102-4BAE-AE73-B2F18FBB51BC}.Debug|x86.Build.0 = Debug|Win32
		{9669B690-2102-4BAE-AE73-B2F18FBB51BC}.Release|x64.ActiveCfg = Release|x64
		{9669B690-2102-4BAE-AE73-B2F18FBB51BC}.Release|x64.Build.0 = Release|x64
		{9669B690-2102-4BAE-AE73-B2F18FBB51BC}.Release|x86.ActiveCfg = Release|Win32
		{9669B690-2102-4BAE-AE73-B2F18FBB51BC}.Release|x86.Build.0 = Release|Win32
		{93C20526-5656-4B03-BC86-BED84638DB2F}.Debug|x64.ActiveCfg = Debug|x64
		{93C20526-5656-4B03-BC86-BED84638DB2F}.Debug|x64.Build.0 = Debug|x64
		{93C20526-5656-4B03-BC86-BED84638DB2F}.Debug|x86.ActiveCfg = Debug|Win32
		{93C20526-5656-4B03-BC86-BED84638DB2F}.Debug|x86.Build.0 = Debug|Win32
		{93C20526-5656-4B03-BC86-BED84638DB2F}.Release|x64.ActiveCfg = Release|x64
		{93C20526-5656-4B03-BC86-BED84638DB2F}.Release|x64.Build.0 = Release|x64
		{93C20526-5656-4B03-BC86-BED84638DB2F}.Release|x86.ActiveCfg = Release|Win32
		{93C20526-5656-4B03-BC86-BED84638DB2F}.Release|x86.Build.0 = Release|Win32
		{5E949DDD-EFEE-4E99-A58C-72E70708AA99}.Debug|x64.ActiveCfg = Debug|x64
		{5E949DDD-EFEE-4E99-A58C-72E70708AA99}.Debug|x64.Build.0 = Debug|x64
		{5E949DDD-EFEE-4E99-A58C-72E70708AA99}.Debug|x86.ActiveCfg = Debug|Win32
		{5E949DDD-EFEE-4E99-A58C-72E70708AA99}.Debug|x86.Build.0 = Debug|Win32
		{5E949DDD-EFEE-4E99-A58C-72E70708AA99}.Release|x64.ActiveCfg = Release|x64
		{5E949DDD-EFEE-4E99-A58C-72E70708AA99}.Release|x64.Build.0 = Release|x64
		{5E949DDD-EFEE-4E99-A58C-72E70708AA99}.Release|x86.ActiveCfg = Release|Win32
		{5E949DDD-EFEE-4E99-A58C-72E70708AA99}.Release|x86.Build.0 = Release|Win32
		{F2B78401-BBEC-4B07-8640-E38FA3DC8080}.Debug|x64.ActiveCfg = Debug|x64
		{F2B78401-BBEC-4B07-8640-E38FA3DC8080}.Debug|x64.Build.0 = Debug|x64
		{F2B78401-BBEC-4B07-8640-E38FA3DC8080}.Debug|x86.ActiveCfg = Debug|Win32
		{F2B78401-BBEC-4B07-8640-E38FA3DC8080}.Debug|x86.Build.0 = Debug|Win32
		{F2B78401-BBEC-4B07-8640-E38FA3DC8080}.Release|x64.ActiveCfg = Release|x64
		{F2B78401-BBEC-4B07-8640-E38FA3DC8080}.Release|x64.Build.0 = Release|x64
		{F2B78401-BBEC-4B07-8640-E38FA3DC8080}.Release|x86.ActiveCfg = Release|Win32
		{F2B78401-BBEC-4B07-8640-E38FA3DC8080}.Release|x86.Build.0 = Release|Win32
		{8FCCE72B-77BE-422B-934C-7908D985DDF1}.Debug|x64.ActiveCfg = Debug|x64
		{8FCCE72B-77BE-422B-934C-7908D985DDF1}.Debug|x64.Build.0 = Debug|x64
		{8FCCE72B-77BE-422B-934C-7908D985DDF1}.Debug|x86.ActiveCfg = Debug|Win32
		{8FCCE72B-77BE-422B-934C-7908D985DDF1}.Debug|x86.Build.0 = Debug|Win32
		{8FCCE72B-77BE-422B-934C-7908D985DDF1}.Release|x64.ActiveCfg = Release|x64
		{8FCCE72B-77BE-422B-934C-7908D985DDF1}.Release|x64.Build.0 = Release|x64
		{8FCCE72B-77BE-422B-934C-7908D985DDF1}.Release|x86.ActiveCfg = Release|Win32
		{8FCCE72B-77BE-422B-934C-7908D985DDF1}.Release|x86.Build.0 = Release|Win32
		{0675103A-F397-48D1-82E8-A9674DDEEFA3}.Debug|x64.ActiveCfg = Debug|x64
		{0675103A-F397-48D1-82E8-A9674DDEEFA3}.Debug|x64.Build.0 = Debug|x64
		{0675103A-F397-48D1-82E8-A9674DDEEFA3}.Debug|x86.ActiveCfg = Debug|Win32
		{0675103A-F397-48D1-82E8-A9674DDEEFA3}.Debug|x86.Build.0 = Debug|Win32
		{0675103A-F397-48D1-82E8-A9674DDEEFA3}.Release|x64.ActiveCfg = Release|x64
		{0675103A-F397-48D1-82E8-A9674DDEEFA3}.Release|x64.Build.0 = Release|x64
		{0675103A-F397-48D1-82E8-A9674DDEEFA3}.Release|x86.ActiveCfg = Release|Win32
		{0675103A-F397-48D1-82E8-A9674DDEEFA3}.Release|x86.Build.0 = Release|Win32
	EndGlobalSection
	GlobalSection(SolutionProperties) = preSolution
		HideSolutionNode = FALSE
	EndGlobalSection
EndGlobal
